---
lockfileVersion: '9.0'

importers:

  .:
    configDependencies: {}
    packageManagerDependencies:
      pnpm:
        specifier: 12.4.2
        version: 12.4.2

packages:

  '@pnpm/exe.android-arm64@12.4.2':
    resolution: {integrity: sha512-E255MbcQ0V1577M2BV0ajWuP7KmTPYA0jqZnk3rK6Lq3kTvZWulMMb7iqRmnLsQbyWTkMEB2CfyM70loVDA8xg==}
    cpu: [arm64]
    os: [android]

  '@pnpm/exe.android-x64@12.4.2':
    resolution: {integrity: sha512-J1pSeCUwuKxMG70ZzpWn8JzElxiEa8NN/3N0SlZRtU2xbztChaJCKF3HaBNIj9yPfeofWzJo/lwNvDDjraQuZw==}
    cpu: [x64]
    os: [android]

  '@pnpm/exe.darwin-arm64@12.4.2':
    resolution: {integrity: sha512-A0WDo8iErfZBXgrLseQxw8i8Y9ctUpOEl/Uu+cubnTzpD8tT9ykIB548L8YTM2WD4OS+ZOHSxy8aGZcvKq8PaQ==}
    cpu: [arm64]
    os: [darwin]

  '@pnpm/exe.darwin-x64@12.4.2':
    resolution: {integrity: sha512-MSgJdovBWHcb5DEOvfPH9yNi/T5O1Xa4ess+E1ESGo/5yuty7S4JoiIjami+fsNXfnoQMlwsMUqYU4zAvBcNCw==}
    cpu: [x64]
    os: [darwin]

  '@pnpm/exe.freebsd-x64@12.4.2':
    resolution: {integrity: sha512-h2YumlQSNvgbRPv+RXwABohX65f9bOBZn+jMIt7bFDISZPCzQ+Nvpt6Awbp4ip5PwQgYxbu5iREJ1fHE39Fm8A==}
    cpu: [x64]
    os: [freebsd]

  '@pnpm/exe.linux-arm64-musl@12.4.2':
    resolution: {integrity: sha512-LwSEtSEDTv6S51YLs3YvSkPyun/QmfMic1UGICUkPWFu6ByP43RdMlkKvmVkfGhAYCpnxO057vrmyJqtfZrPCA==}
    cpu: [arm64]
    os: [linux]
    libc: [musl]

  '@pnpm/exe.linux-arm64@12.4.2':
    resolution: {integrity: sha512-2dSiDXyhx+RTHsewxex8f/jVjqQXWJ2oow4kCVHEWdZKeBpgMxvZ6fHkTAUBJXgqhbKIDHvuNlZBP7gJfUWL5A==}
    cpu: [arm64]
    os: [linux]
    libc: [glibc]

  '@pnpm/exe.linux-ppc64@12.4.2':
    resolution: {integrity: sha512-8Itc+jQk+MTz04LS9D1RcH+VctAWmzM4l1cJQ+Sx7pAJNo7EKHdRMbC0Tok1jyQ7eEHNJZD5EleYneZqWfZM+g==}
    cpu: [ppc64]
    os: [linux]
    libc: [glibc]

  '@pnpm/exe.linux-riscv64@12.4.2':
    resolution: {integrity: sha512-hleOeqhTVpH+z9RVMGnxvU4ZnrkBUClWjCbHD9u6kwyqhGSpevoU1wTGish+CBRhmIgMAy9pAfFpqhbAKOKNfw==}
    cpu: [riscv64]
    os: [linux]
    libc: [glibc]

  '@pnpm/exe.linux-s390x@12.4.2':
    resolution: {integrity: sha512-LAsQRRdP9aToENR6dtcIJ9l+e1zMYOX0tQcLGpRyLPVBQcYRLlvAPcmDshsiIHQjp05SDa9FI0czX1ZQ1a7a/A==}
    cpu: [s390x]
    os: [linux]
    libc: [glibc]

  '@pnpm/exe.linux-x64-musl@12.4.2':
    resolution: {integrity: sha512-kzfzH2/0BWdTABK14Yj5a1xsdkTEQUp2eXEPNakaD9jKL025lq3hyaKHIz/gIZaPDMe/1bFFK/En4ztFlbBJxw==}
    cpu: [x64]
    os: [linux]
    libc: [musl]

  '@pnpm/exe.linux-x64@12.4.2':
    resolution: {integrity: sha512-/pbt0UVTa8NMDhzOWLQRfZ6G9ROKXlJPZtx845BqyWfc7hCrWXhTLBd70yO2y8+E+IWN3oHM1s/JsIQNGk1yvg==}
    cpu: [x64]
    os: [linux]
    libc: [glibc]

  '@pnpm/exe.win32-arm64@12.4.2':
    resolution: {integrity: sha512-PsW19e4dAUNpZ0cS9flaxFuAmpt2dKlH/Vvi8TZ4qyJjjQzue/CEsWm+6wKVP4CJ7IT8RdL4qh+soOPWIgF2Zw==}
    cpu: [arm64]
    os: [win32]

  '@pnpm/exe.win32-x64@12.4.2':
    resolution: {integrity: sha512-+xGoeE0g55ztWvl8i5QqdmNfW3nIrTVcoQrNshEOwxthm9Ag48oXton3uxOA3/SANyz5AXexEjj2KO20NnOrEw==}
    cpu: [x64]
    os: [win32]

  pnpm@12.4.2:
    resolution: {integrity: sha512-CK3GYTGAJ1x8ntraOdzwjJxhrU5+rzMKTzRh8QKw+QdCNFTRF/mOctR/7wYWBwZE17/8lzpqV/UJCm18NosHyQ==}
    engines: {node: '>=18.*'}
    hasBin: true

snapshots:

  '@pnpm/exe.android-arm64@12.4.2':
    optional: true

  '@pnpm/exe.android-x64@12.4.2':
    optional: true

  '@pnpm/exe.darwin-arm64@12.4.2':
    optional: true

  '@pnpm/exe.darwin-x64@12.4.2':
    optional: true

  '@pnpm/exe.freebsd-x64@12.4.2':
    optional: true

  '@pnpm/exe.linux-arm64-musl@12.4.2':
    optional: true

  '@pnpm/exe.linux-arm64@12.4.2':
    optional: true

  '@pnpm/exe.linux-ppc64@12.4.2':
    optional: true

  '@pnpm/exe.linux-riscv64@12.4.2':
    optional: true

  '@pnpm/exe.linux-s390x@12.4.2':
    optional: true

  '@pnpm/exe.linux-x64-musl@12.4.2':
    optional: true

  '@pnpm/exe.linux-x64@12.4.2':
    optional: true

  '@pnpm/exe.win32-arm64@12.4.2':
    optional: true

  '@pnpm/exe.win32-x64@12.4.2':
    optional: true

  pnpm@12.4.2:
    optionalDependencies:
      '@pnpm/exe.android-arm64': 12.4.2
      '@pnpm/exe.android-x64': 12.4.2
      '@pnpm/exe.darwin-arm64': 12.4.2
      '@pnpm/exe.darwin-x64': 12.4.2
      '@pnpm/exe.freebsd-x64': 12.4.2
      '@pnpm/exe.linux-arm64': 12.4.2
      '@pnpm/exe.linux-arm64-musl': 12.4.2
      '@pnpm/exe.linux-ppc64': 12.4.2
      '@pnpm/exe.linux-riscv64': 12.4.2
      '@pnpm/exe.linux-s390x': 12.4.2
      '@pnpm/exe.linux-x64': 12.4.2
      '@pnpm/exe.linux-x64-musl': 12.4.2
      '@pnpm/exe.win32-arm64': 12.4.2
      '@pnpm/exe.win32-x64': 12.4.2

---
lockfileVersion: '9.0'

settings:
  autoInstallPeers: true
  excludeLinksFromLockfile: false

overrides:
  adm-zip@<0.6.0: 0.6.0

importers:

  .:
    devDependencies:
      '@uinaf/skillcheck':
        specifier: 1.5.0
        version: 1.5.0
      github-actionlint:
        specifier: 1.7.12
        version: 1.7.12
      oxfmt:
        specifier: 0.70.0
        version: 0.70.0

packages:

  '@isaacs/fs-minipass@4.0.1':
    resolution: {integrity: sha512-wgm9Ehl2jpeqP3zw/7mo3kRHFp5MEDhqAdwy1fTGkHAwnkGOVsgpvQhL8B5n1qlb01jV3n/bI0ZfZp5lWA1k4w==}
    engines: {node: '>=18.0.0'}

  '@oxfmt/binding-android-arm-eabi@0.70.0':
    resolution: {integrity: sha512-Xd7YO4/T2axEj6FTLcj4Why3mTBqFMg+x24xtorT4Lb2+1g82090GH0a/4U1m0pABGYiix2bq1pqkYrmV3f0Sw==}
    engines: {node: ^20.19.0 || >=22.12.0}
    cpu: [arm]
    os: [android]

  '@oxfmt/binding-android-arm64@0.70.0':
    resolution: {integrity: sha512-x9rlMYyKXdgKdYyUJzGsK1ZV8P4di/J32ipzcS6Jet6p9r9UAh28neXIMtdlSaJJycdi61Z4YkcLKLpk8ueFjg==}
    engines: {node: ^20.19.0 || >=22.12.0}
    cpu: [arm64]
    os: [android]

  '@oxfmt/binding-darwin-arm64@0.70.0':
    resolution: {integrity: sha512-IUTUPvrBVYy7POh4stXzRdz4IVC/1QSaviCWoyenSlOhGu0X9j5K07vCTM9biLjAA2Zs31l0Rj5vvRpj9n95wA==}
    engines: {node: ^20.19.0 || >=22.12.0}
    cpu: [arm64]
    os: [darwin]

  '@oxfmt/binding-darwin-x64@0.70.0':
    resolution: {integrity: sha512-vw745q870oTd6J517O24asoX4/E+eK0nxYIFoedSLqgJ+nI5En7+ZS82iZSHZ69zevQrnOXiyHP01dA+t8xD8w==}
    engines: {node: ^20.19.0 || >=22.12.0}
    cpu: [x64]
    os: [darwin]

  '@oxfmt/binding-freebsd-x64@0.70.0':
    resolution: {integrity: sha512-NO14EgSM9dFkcg+MfGPxvsKqXYs9LKaxPrOKXpv1R0rLokGGFDcCq6dBMq18dE4wlpFOovX0UZY2uh1P30O7QA==}
    engines: {node: ^20.19.0 || >=22.12.0}
    cpu: [x64]
    os: [freebsd]

  '@oxfmt/binding-linux-arm-gnueabihf@0.70.0':
    resolution: {integrity: sha512-139OEhHarj9CYoJ/i9gXlPv4KLBGtLj2toseOWYFf09QwlhklaZk+wW3aOvlqoeZtuayvkoSNVWra7WJ21s3VQ==}
    engines: {node: ^20.19.0 || >=22.12.0}
    cpu: [arm]
    os: [linux]

  '@oxfmt/binding-linux-arm-musleabihf@0.70.0':
    resolution: {integrity: sha512-GEh2PY3IWTE0M24eNhTduountANSbWyDmMnzFSQE/nGg/bjPugbUgiGuFu+xdqcQSd/HKSwH80/F2yVVD48yhA==}
    engines: {node: ^20.19.0 || >=22.12.0}
    cpu: [arm]
    os: [linux]

  '@oxfmt/binding-linux-arm64-gnu@0.70.0':
    resolution: {integrity: sha512-En5i+UJmZSPxuSf47F2Hl5YOzKB0bicQLnGQkeTCMQ35cWLtbrSwACJKfiLqRZrk05DwSnsJkhBRaM3OURtIaA==}
    engines: {node: ^20.19.0 || >=22.12.0}
    cpu: [arm64]
    os: [linux]
    libc: [glibc]

  '@oxfmt/binding-linux-arm64-musl@0.70.0':
    resolution: {integrity: sha512-WWOoV5W9Im3flVwOVrWn/2DUlOF8v5vcCip+kcNuaMpulRCh6nzzt1Su2vcL2F908YJIXNV3HvegbBHuyLwKHg==}
    engines: {node: ^20.19.0 || >=22.12.0}
    cpu: [arm64]
    os: [linux]
    libc: [musl]

  '@oxfmt/binding-linux-ppc64-gnu@0.70.0':
    resolution: {integrity: sha512-YUouneIqW+5n7aE8xx/zeZ6/utr/KH7oykcGoFyd8Uz8uh591T1oKlnoWA3BsRq/ZR42oY1w4MUYvS/0e/MQOA==}
    engines: {node: ^20.19.0 || >=22.12.0}
    cpu: [ppc64]
    os: [linux]
    libc: [glibc]

  '@oxfmt/binding-linux-riscv64-gnu@0.70.0':
    resolution: {integrity: sha512-iEnMf21S5aGVa4hViDGY8sAQ/AHyCu2JPyrQF8P06wtHhSkD1YJBeT4m/KiGewgf7+a5XCYSCRIPcRQa1xwEoQ==}
    engines: {node: ^20.19.0 || >=22.12.0}
    cpu: [riscv64]
    os: [linux]
    libc: [glibc]

  '@oxfmt/binding-linux-riscv64-musl@0.70.0':
    resolution: {integrity: sha512-91Sdniaj20fQzyMeCxMDzTP4c9s4RB8dGQ308xHhDR0n6U7+1Xq7N9klE7mfXq8iV3lRmIGSXi5X23Hn/0XX/g==}
    engines: {node: ^20.19.0 || >=22.12.0}
    cpu: [riscv64]
    os: [linux]
    libc: [musl]

  '@oxfmt/binding-linux-s390x-gnu@0.70.0':
    resolution: {integrity: sha512-uUV30M6E+2TKKGMaKiwfeL4RZrviHXlUxsrYJ/jFBb+1EZy+pnFT+hF73eeWdzh5NqPOAnw0iiMAIqjqiLZPFg==}
    engines: {node: ^20.19.0 || >=22.12.0}
    cpu: [s390x]
    os: [linux]
    libc: [glibc]

  '@oxfmt/binding-linux-x64-gnu@0.70.0':
    resolution: {integrity: sha512-ivMcX6kNDPhqtbOaBt/ItFlLlTlXNHLgRuNmxP6Na6UuYXRT10llpJcAPbGeRgjjb3Qzv4jwPp3fB0hui50WNQ==}
    engines: {node: ^20.19.0 || >=22.12.0}
    cpu: [x64]
    os: [linux]
    libc: [glibc]

  '@oxfmt/binding-linux-x64-musl@0.70.0':
    resolution: {integrity: sha512-w+S+fERxYmlZSyZlJK/U292FjyBoH8cCEj21/tYJX6atX5kNSn+HDkhlFQKT2zcMwUW0uAtUL/bOrlwJZwqRdA==}
    engines: {node: ^20.19.0 || >=22.12.0}
    cpu: [x64]
    os: [linux]
    libc: [musl]

  '@oxfmt/binding-openharmony-arm64@0.70.0':
    resolution: {integrity: sha512-Zlom1Xkx257R8bk4ZI4zJsrGno2opknz1+5v5baka3nn4FPyvNSdh8JUL4CdN1S1OWRMvJ9UJQ+RfIqGGCUEfA==}
    engines: {node: ^20.19.0 || >=22.12.0}
    cpu: [arm64]
    os: [openharmony]

  '@oxfmt/binding-win32-arm64-msvc@0.70.0':
    resolution: {integrity: sha512-FQgPW5R17vzt7cgrJ8eG/dqX00o2xHsqFeLfw4xzA9FRHpN/DjFo9YDonvIIXGxiEuS9F/jZPnGO+KHNKuCo4Q==}
    engines: {node: ^20.19.0 || >=22.12.0}
    cpu: [arm64]
    os: [win32]

  '@oxfmt/binding-win32-ia32-msvc@0.70.0':
    resolution: {integrity: sha512-ZfZublNhZ+XBndMiXhkiLlPE+XyGRDa0CweeTL6t1fZypfCh1LTg7e5CvnOeTBunq15MskOcRempumSPGAaCQA==}
    engines: {node: ^20.19.0 || >=22.12.0}
    cpu: [ia32]
    os: [win32]

  '@oxfmt/binding-win32-x64-msvc@0.70.0':
    resolution: {integrity: sha512-HlIZEn+WzLQL0DszNzldiRl/DPRCX5R0Vkt6qeUPR1YHwy52hZZo4x6HoTOVmKRP2wUiwPGtKsihNY/f8KRaBg==}
    engines: {node: ^20.19.0 || >=22.12.0}
    cpu: [x64]
    os: [win32]

  '@uinaf/skillcheck@1.5.0':
    resolution: {integrity: sha512-ak3pLM5saEvU2DTBQoz0YyVBsvJTw7YqsP6VLN55RtfiFIMqlvtIrF4jg7ZDNTfAoONhr49RS8YJOGmh0rkHtg==}
    engines: {node: '>=24'}
    hasBin: true
    peerDependencies:
      '@anthropic-ai/claude-agent-sdk': ^0.3.281
      '@openai/codex-sdk': ^0.156.1
      promptfoo: ^0.123.1
    peerDependenciesMeta:
      '@anthropic-ai/claude-agent-sdk':
        optional: true
      '@openai/codex-sdk':
        optional: true
      promptfoo:
        optional: true

  adm-zip@0.6.0:
    resolution: {integrity: sha512-XleryMhbuksdKtofnWZ9Sk+4CUTbms4Mb/EU32SZwToAyZ5RgVos/ki8n+yr0LWHOGKuakbXTuuYNHLQjhddgg==}
    engines: {node: '>=14.0'}

  chownr@3.0.0:
    resolution: {integrity: sha512-+IxzY9BZOQd/XuYPRmrvEVjF/nqj5kgT4kEq7VofrDoM1MxoRjEWkrCC3EtLi59TVawxTAn+orJwFQcrqEN1+g==}
    engines: {node: '>=18'}

  github-actionlint@1.7.12:
    resolution: {integrity: sha512-kSVz5clt9voatp2Tdh1BETKNooT358/nPChYseaDC4M6f9Hc/sBRMbhagx2FTu2F/WHzDoxlNPh2EqwBngTYQg==}
    engines: {node: '>=18.0.0'}
    hasBin: true

  minipass@7.1.3:
    resolution: {integrity: sha512-tEBHqDnIoM/1rXME1zgka9g6Q2lcoCkxHLuc7ODJ5BxbP5d4c2Z5cGgtXAku59200Cx7diuHTOYfSBD8n6mm8A==}
    engines: {node: '>=16 || 14 >=14.17'}

  minizlib@3.1.0:
    resolution: {integrity: sha512-KZxYo1BUkWD2TVFLr0MQoM8vUUigWD3LlD83a/75BqC+4qE0Hb1Vo5v1FgcfaNXvfXzr+5EhQ6ing/CaBijTlw==}
    engines: {node: '>= 18'}

  oxfmt@0.70.0:
    resolution: {integrity: sha512-IsHxZ4y0wQLLMhnrJblBJgZsLDzfULrJnAw5j/QqsTlMa/m3AqsbToi+W71uhBGaqlqq/PbbjvHc09TJwdv3Tw==}
    engines: {node: ^20.19.0 || >=22.12.0}
    hasBin: true
    peerDependencies:
      svelte: ^5.0.0
      vite-plus: '*'
    peerDependenciesMeta:
      svelte:
        optional: true
      vite-plus:
        optional: true

  tar@7.5.22:
    resolution: {integrity: sha512-MFO/QzvtAOmJbkhOaCTvbGcFN9L9b+JunIsDwaKljSOdcLMea3NJ1k9Usz/rjdfSXTq4dfzfeS7W4p4YOAAHeA==}
    engines: {node: '>=18'}

  tinypool@2.1.2:
    resolution: {integrity: sha512-9YodfrxS9g9IbFr/KOjE5bAeJ0p61n3bW6mqvy0jtoeKd1kTW1Cxm0oulm6KX2lyM9Gl6WIe8nEbY7LWv5ZJww==}
    engines: {node: ^20.0.0 || >=22.0.0}

  yallist@5.0.0:
    resolution: {integrity: sha512-YgvUTfwqyc7UXVMrB+SImsVYSmTS8X/tSrtdNZMImM+n7+QTriRXyXim0mBrTXNeqzVF0KWGgHPeiyViFFrNDw==}
    engines: {node: '>=18'}

snapshots:

  '@isaacs/fs-minipass@4.0.1':
    dependencies:
      minipass: 7.1.3

  '@oxfmt/binding-android-arm-eabi@0.70.0':
    optional: true

  '@oxfmt/binding-android-arm64@0.70.0':
    optional: true

  '@oxfmt/binding-darwin-arm64@0.70.0':
    optional: true

  '@oxfmt/binding-darwin-x64@0.70.0':
    optional: true

  '@oxfmt/binding-freebsd-x64@0.70.0':
    optional: true

  '@oxfmt/binding-linux-arm-gnueabihf@0.70.0':
    optional: true

  '@oxfmt/binding-linux-arm-musleabihf@0.70.0':
    optional: true

  '@oxfmt/binding-linux-arm64-gnu@0.70.0':
    optional: true

  '@oxfmt/binding-linux-arm64-musl@0.70.0':
    optional: true

  '@oxfmt/binding-linux-ppc64-gnu@0.70.0':
    optional: true

  '@oxfmt/binding-linux-riscv64-gnu@0.70.0':
    optional: true

  '@oxfmt/binding-linux-riscv64-musl@0.70.0':
    optional: true

  '@oxfmt/binding-linux-s390x-gnu@0.70.0':
    optional: true

  '@oxfmt/binding-linux-x64-gnu@0.70.0':
    optional: true

  '@oxfmt/binding-linux-x64-musl@0.70.0':
    optional: true

  '@oxfmt/binding-openharmony-arm64@0.70.0':
    optional: true

  '@oxfmt/binding-win32-arm64-msvc@0.70.0':
    optional: true

  '@oxfmt/binding-win32-ia32-msvc@0.70.0':
    optional: true

  '@oxfmt/binding-win32-x64-msvc@0.70.0':
    optional: true

  '@uinaf/skillcheck@1.5.0': {}

  adm-zip@0.6.0: {}

  chownr@3.0.0: {}

  github-actionlint@1.7.12:
    dependencies:
      adm-zip: 0.6.0
      tar: 7.5.22

  minipass@7.1.3: {}

  minizlib@3.1.0:
    dependencies:
      minipass: 7.1.3

  oxfmt@0.70.0:
    dependencies:
      tinypool: 2.1.2
    optionalDependencies:
      '@oxfmt/binding-android-arm-eabi': 0.70.0
      '@oxfmt/binding-android-arm64': 0.70.0
      '@oxfmt/binding-darwin-arm64': 0.70.0
      '@oxfmt/binding-darwin-x64': 0.70.0
      '@oxfmt/binding-freebsd-x64': 0.70.0
      '@oxfmt/binding-linux-arm-gnueabihf': 0.70.0
      '@oxfmt/binding-linux-arm-musleabihf': 0.70.0
      '@oxfmt/binding-linux-arm64-gnu': 0.70.0
      '@oxfmt/binding-linux-arm64-musl': 0.70.0
      '@oxfmt/binding-linux-ppc64-gnu': 0.70.0
      '@oxfmt/binding-linux-riscv64-gnu': 0.70.0
      '@oxfmt/binding-linux-riscv64-musl': 0.70.0
      '@oxfmt/binding-linux-s390x-gnu': 0.70.0
      '@oxfmt/binding-linux-x64-gnu': 0.70.0
      '@oxfmt/binding-linux-x64-musl': 0.70.0
      '@oxfmt/binding-openharmony-arm64': 0.70.0
      '@oxfmt/binding-win32-arm64-msvc': 0.70.0
      '@oxfmt/binding-win32-ia32-msvc': 0.70.0
      '@oxfmt/binding-win32-x64-msvc': 0.70.0

  tar@7.5.22:
    dependencies:
      '@isaacs/fs-minipass': 4.0.1
      chownr: 3.0.0
      minipass: 7.1.3
      minizlib: 3.1.0
      yallist: 5.0.0

  tinypool@2.1.2: {}

  yallist@5.0.0: {}
