---
lockfileVersion: '9.0'

importers:

  .:
    configDependencies: {}
    packageManagerDependencies:
      pnpm:
        specifier: 12.0.0
        version: 12.0.0

packages:

  '@pnpm/exe.darwin-arm64@12.0.0':
    resolution: {integrity: sha512-sqeoPfVMIfQhbwzDrKraXY2ynyuWClFqzvfImzAS/yczEru1m5SGvQ9kgFPDvQzJZ9AetedgJeDZC6qYvH8/tQ==}
    cpu: [arm64]
    os: [darwin]

  '@pnpm/exe.darwin-x64@12.0.0':
    resolution: {integrity: sha512-Quc3J6c9cGTy+LDgz1cLVgCNOU9IERuyAlDoEj0DCilKqvo50Jx1GV8k74iwn4J9fFSKkm8JrwNvtTDj3uWnUA==}
    cpu: [x64]
    os: [darwin]

  '@pnpm/exe.linux-arm64-musl@12.0.0':
    resolution: {integrity: sha512-EVWd3OTmgsMFhXx69b5JxIzoabG9Ma7m4OeTaf0ZKBzMnfYi8u21NDQo92ToMrdYL5dYDDCHsyYIjXzk+d0HhA==}
    cpu: [arm64]
    os: [linux]
    libc: [musl]

  '@pnpm/exe.linux-arm64@12.0.0':
    resolution: {integrity: sha512-cXHHW8M4rAPsYNkKZO9WVcpLLK55i9EaIsZPfIqUuY2eopd5LqnFyBge54HCh1GC0yCX8ySn0hYIi+4OyAEoDg==}
    cpu: [arm64]
    os: [linux]
    libc: [glibc]

  '@pnpm/exe.linux-x64-musl@12.0.0':
    resolution: {integrity: sha512-UcXwMdFjly0mpddkGigHKTxe27IMv2fUK4IWW/MHmJ3yMguxXmkwNlEI4aE+G1HO2TLo20uNEUWD4ymLe/DaCQ==}
    cpu: [x64]
    os: [linux]
    libc: [musl]

  '@pnpm/exe.linux-x64@12.0.0':
    resolution: {integrity: sha512-6Rsl+zEWMOmus7v7/9J3OE8EMvHyNAfxYmDfmhQG4J0985OuT3G3Ho9NSGHjkBn4aU4bgklWifRhe1HX8dUSyw==}
    cpu: [x64]
    os: [linux]
    libc: [glibc]

  '@pnpm/exe.win32-arm64@12.0.0':
    resolution: {integrity: sha512-O5F76A4oVFrpDGdFxEszRIThOSBfjHdH5c006gR+7UTCfiXrukr1XfqPungUI1DXcSR5gb9jBsPQqQZOAoOOxw==}
    cpu: [arm64]
    os: [win32]

  '@pnpm/exe.win32-x64@12.0.0':
    resolution: {integrity: sha512-5dKFajIEWJ1ai+KHXFJvskY6vchbunmLwSUV2ywbLymcmJjfY5XJVpgzPCyIoVCMVG0zHorr66+hM8h8b3aRfQ==}
    cpu: [x64]
    os: [win32]

  pnpm@12.0.0:
    resolution: {integrity: sha512-ni49w5EZlYaNyUuBdcIXwn6VQI+gO0oidJd48rNPdzt3zdOznt6BcbIvzVO+ajU0Lp+smUimjvWN9kiM6Jp+Zw==}
    engines: {node: '>=18.*'}
    hasBin: true

snapshots:

  '@pnpm/exe.darwin-arm64@12.0.0':
    optional: true

  '@pnpm/exe.darwin-x64@12.0.0':
    optional: true

  '@pnpm/exe.linux-arm64-musl@12.0.0':
    optional: true

  '@pnpm/exe.linux-arm64@12.0.0':
    optional: true

  '@pnpm/exe.linux-x64-musl@12.0.0':
    optional: true

  '@pnpm/exe.linux-x64@12.0.0':
    optional: true

  '@pnpm/exe.win32-arm64@12.0.0':
    optional: true

  '@pnpm/exe.win32-x64@12.0.0':
    optional: true

  pnpm@12.0.0:
    optionalDependencies:
      '@pnpm/exe.darwin-arm64': 12.0.0
      '@pnpm/exe.darwin-x64': 12.0.0
      '@pnpm/exe.linux-arm64': 12.0.0
      '@pnpm/exe.linux-arm64-musl': 12.0.0
      '@pnpm/exe.linux-x64': 12.0.0
      '@pnpm/exe.linux-x64-musl': 12.0.0
      '@pnpm/exe.win32-arm64': 12.0.0
      '@pnpm/exe.win32-x64': 12.0.0

---
lockfileVersion: '9.0'

settings:
  autoInstallPeers: true
  excludeLinksFromLockfile: false

overrides:
  adm-zip@<0.6.0: 0.6.0

importers:

  .:
    devDependencies:
      '@uinaf/skillcheck':
        specifier: 0.5.0
        version: 0.5.0
      github-actionlint:
        specifier: 1.7.12
        version: 1.7.12

packages:

  '@isaacs/fs-minipass@4.0.1':
    resolution: {integrity: sha512-wgm9Ehl2jpeqP3zw/7mo3kRHFp5MEDhqAdwy1fTGkHAwnkGOVsgpvQhL8B5n1qlb01jV3n/bI0ZfZp5lWA1k4w==}
    engines: {node: '>=18.0.0'}

  '@uinaf/skillcheck@0.5.0':
    resolution: {integrity: sha512-0+MgkZieLSMA/JFwzkCVTjf5gxWC60iTqCDLVhi9ZoiMNbi2O/mzR1h5w8i+lYC0YKJUeHZgtb8FgFfxXbatbQ==}
    engines: {node: '>=24'}
    hasBin: true
    peerDependencies:
      '@anthropic-ai/claude-agent-sdk': ^0.3.233
      '@openai/codex-sdk': ^0.147.0
      promptfoo: ^0.122.0
    peerDependenciesMeta:
      '@anthropic-ai/claude-agent-sdk':
        optional: true
      '@openai/codex-sdk':
        optional: true
      promptfoo:
        optional: true

  adm-zip@0.6.0:
    resolution: {integrity: sha512-XleryMhbuksdKtofnWZ9Sk+4CUTbms4Mb/EU32SZwToAyZ5RgVos/ki8n+yr0LWHOGKuakbXTuuYNHLQjhddgg==}
    engines: {node: '>=14.0'}

  chownr@3.0.0:
    resolution: {integrity: sha512-+IxzY9BZOQd/XuYPRmrvEVjF/nqj5kgT4kEq7VofrDoM1MxoRjEWkrCC3EtLi59TVawxTAn+orJwFQcrqEN1+g==}
    engines: {node: '>=18'}

  github-actionlint@1.7.12:
    resolution: {integrity: sha512-kSVz5clt9voatp2Tdh1BETKNooT358/nPChYseaDC4M6f9Hc/sBRMbhagx2FTu2F/WHzDoxlNPh2EqwBngTYQg==}
    engines: {node: '>=18.0.0'}
    hasBin: true

  minipass@7.1.3:
    resolution: {integrity: sha512-tEBHqDnIoM/1rXME1zgka9g6Q2lcoCkxHLuc7ODJ5BxbP5d4c2Z5cGgtXAku59200Cx7diuHTOYfSBD8n6mm8A==}
    engines: {node: '>=16 || 14 >=14.17'}

  minizlib@3.1.0:
    resolution: {integrity: sha512-KZxYo1BUkWD2TVFLr0MQoM8vUUigWD3LlD83a/75BqC+4qE0Hb1Vo5v1FgcfaNXvfXzr+5EhQ6ing/CaBijTlw==}
    engines: {node: '>= 18'}

  tar@7.5.22:
    resolution: {integrity: sha512-MFO/QzvtAOmJbkhOaCTvbGcFN9L9b+JunIsDwaKljSOdcLMea3NJ1k9Usz/rjdfSXTq4dfzfeS7W4p4YOAAHeA==}
    engines: {node: '>=18'}

  yallist@5.0.0:
    resolution: {integrity: sha512-YgvUTfwqyc7UXVMrB+SImsVYSmTS8X/tSrtdNZMImM+n7+QTriRXyXim0mBrTXNeqzVF0KWGgHPeiyViFFrNDw==}
    engines: {node: '>=18'}

snapshots:

  '@isaacs/fs-minipass@4.0.1':
    dependencies:
      minipass: 7.1.3

  '@uinaf/skillcheck@0.5.0': {}

  adm-zip@0.6.0: {}

  chownr@3.0.0: {}

  github-actionlint@1.7.12:
    dependencies:
      adm-zip: 0.6.0
      tar: 7.5.22

  minipass@7.1.3: {}

  minizlib@3.1.0:
    dependencies:
      minipass: 7.1.3

  tar@7.5.22:
    dependencies:
      '@isaacs/fs-minipass': 4.0.1
      chownr: 3.0.0
      minipass: 7.1.3
      minizlib: 3.1.0
      yallist: 5.0.0

  yallist@5.0.0: {}
